
Microsoft Visual Studio Solution File, Format Version 12.00
# Visual Studio Version 17
VisualStudioVersion = 17.6.33815.320
MinimumVisualStudioVersion = 10.0.40219.1
Project("{FAE04EC0-301F-11D3-BF4B-00C04F79EFBC}") = "Lab2-AysncInn", "Lab2-AysncInn.csproj", "{E1D70451-CA11-4B73-9974-F09921B475CD}"
EndProject
Global
	GlobalSection(SolutionConfigurationPlatforms) = preSolution
		Debug|Any CPU = Debug|Any CPU
		Release|Any CPU = Release|Any CPU
	EndGlobalSection
	GlobalSection(ProjectConfigurationPlatforms) = postSolution
		{E1D70451-CA11-4B73-9974-F09921B475CD}.Debug|Any CPU.ActiveCfg = Debug|Any CPU
		{E1D70451-CA11-4B73-9974-F09921B475CD}.Debug|Any CPU.Build.0 = Debug|Any CPU
		{E1D70451-CA11-4B73-9974-F09921B475CD}.Release|Any CPU.ActiveCfg = Release|Any CPU
		{E1D70451-CA11-4B73-9974-F09921B475CD}.Release|Any CPU.Build.0 = Release|Any CPU
	EndGlobalSection
	GlobalSection(SolutionProperties) = preSolution
		HideSolutionNode = FALSE
	EndGlobalSection
	GlobalSection(ExtensibilityGlobals) = postSolution
		SolutionGuid = {C211B341-8D23-4AFB-B763-C906F41FB473}
	EndGlobalSection
EndGlobal
